
Microsoft Visual Studio Solution File, Format Version 12.00
# Visual Studio Version 17
VisualStudioVersion = 17.9.34607.119
MinimumVisualStudioVersion = 10.0.40219.1
Project("{FAE04EC0-301F-11D3-BF4B-00C04F79EFBC}") = "CSC336_Final_Souraya", "CSC336_Final_Souraya\CSC336_Final_Souraya.csproj", "{38B38124-F819-4A9E-89DD-13117652D448}"
EndProject
Global
	GlobalSection(SolutionConfigurationPlatforms) = preSolution
		Debug|Any CPU = Debug|Any CPU
		Release|Any CPU = Release|Any CPU
	EndGlobalSection
	GlobalSection(ProjectConfigurationPlatforms) = postSolution
		{38B38124-F819-4A9E-89DD-13117652D448}.Debug|Any CPU.ActiveCfg = Debug|Any CPU
		{38B38124-F819-4A9E-89DD-13117652D448}.Debug|Any CPU.Build.0 = Debug|Any CPU
		{38B38124-F819-4A9E-89DD-13117652D448}.Release|Any CPU.ActiveCfg = Release|Any CPU
		{38B38124-F819-4A9E-89DD-13117652D448}.Release|Any CPU.Build.0 = Release|Any CPU
	EndGlobalSection
	GlobalSection(SolutionProperties) = preSolution
		HideSolutionNode = FALSE
	EndGlobalSection
	GlobalSection(ExtensibilityGlobals) = postSolution
		SolutionGuid = {B3C571F0-A7C2-4E60-829D-1585EDC4F5A8}
	EndGlobalSection
EndGlobal
