
Microsoft Visual Studio Solution File, Format Version 12.00
# Visual Studio Version 17
VisualStudioVersion = 17.9.34607.119
MinimumVisualStudioVersion = 10.0.40219.1
Project("{FAE04EC0-301F-11D3-BF4B-00C04F79EFBC}") = "Final_DAL", "Final_DAL\Final_DAL.csproj", "{A7302159-9892-4984-BA5E-FB97AB4D37E6}"
EndProject
Project("{FAE04EC0-301F-11D3-BF4B-00C04F79EFBC}") = "Final_BLL", "Final_BLL\Final_BLL.csproj", "{7096E9EE-DC68-4D20-8297-B27B4DB56A3B}"
EndProject
Project("{FAE04EC0-301F-11D3-BF4B-00C04F79EFBC}") = "Web_API", "Web_API\Web_API.csproj", "{2ADB0E0F-776A-43E5-B453-41F9270811EA}"
EndProject
Global
	GlobalSection(SolutionConfigurationPlatforms) = preSolution
		Debug|Any CPU = Debug|Any CPU
		Release|Any CPU = Release|Any CPU
	EndGlobalSection
	GlobalSection(ProjectConfigurationPlatforms) = postSolution
		{A7302159-9892-4984-BA5E-FB97AB4D37E6}.Debug|Any CPU.ActiveCfg = Debug|Any CPU
		{A7302159-9892-4984-BA5E-FB97AB4D37E6}.Debug|Any CPU.Build.0 = Debug|Any CPU
		{A7302159-9892-4984-BA5E-FB97AB4D37E6}.Release|Any CPU.ActiveCfg = Release|Any CPU
		{A7302159-9892-4984-BA5E-FB97AB4D37E6}.Release|Any CPU.Build.0 = Release|Any CPU
		{7096E9EE-DC68-4D20-8297-B27B4DB56A3B}.Debug|Any CPU.ActiveCfg = Debug|Any CPU
		{7096E9EE-DC68-4D20-8297-B27B4DB56A3B}.Debug|Any CPU.Build.0 = Debug|Any CPU
		{7096E9EE-DC68-4D20-8297-B27B4DB56A3B}.Release|Any CPU.ActiveCfg = Release|Any CPU
		{7096E9EE-DC68-4D20-8297-B27B4DB56A3B}.Release|Any CPU.Build.0 = Release|Any CPU
		{2ADB0E0F-776A-43E5-B453-41F9270811EA}.Debug|Any CPU.ActiveCfg = Debug|Any CPU
		{2ADB0E0F-776A-43E5-B453-41F9270811EA}.Debug|Any CPU.Build.0 = Debug|Any CPU
		{2ADB0E0F-776A-43E5-B453-41F9270811EA}.Release|Any CPU.ActiveCfg = Release|Any CPU
		{2ADB0E0F-776A-43E5-B453-41F9270811EA}.Release|Any CPU.Build.0 = Release|Any CPU
	EndGlobalSection
	GlobalSection(SolutionProperties) = preSolution
		HideSolutionNode = FALSE
	EndGlobalSection
	GlobalSection(ExtensibilityGlobals) = postSolution
		SolutionGuid = {B3C571F0-A7C2-4E60-829D-1585EDC4F5A8}
	EndGlobalSection
EndGlobal
